// !$*UTF8*$!
{
	archiveVersion = 1;
	classes = {
	};
	objectVersion = 50;
	objects = {

/* Begin PBXBuildFile section */
		88E51DFB283319E100AD016F /* AppDelegate.swift in Sources */ = {isa = PBXBuildFile; fileRef = 88E51DFA283319E100AD016F /* AppDelegate.swift */; };
		88E51DFD283319E100AD016F /* SceneDelegate.swift in Sources */ = {isa = PBXBuildFile; fileRef = 88E51DFC283319E100AD016F /* SceneDelegate.swift */; };
		88E51E02283319E100AD016F /* Main.storyboard in Resources */ = {isa = PBXBuildFile; fileRef = 88E51E00283319E100AD016F /* Main.storyboard */; };
		88E51E04283319E200AD016F /* Assets.xcassets in Resources */ = {isa = PBXBuildFile; fileRef = 88E51E03283319E200AD016F /* Assets.xcassets */; };
		88E51E07283319E200AD016F /* LaunchScreen.storyboard in Resources */ = {isa = PBXBuildFile; fileRef = 88E51E05283319E200AD016F /* LaunchScreen.storyboard */; };
		88E51E1128331B6400AD016F /* LoginViewController.swift in Sources */ = {isa = PBXBuildFile; fileRef = 88E51E1028331B6400AD016F /* LoginViewController.swift */; };
		88E51E1428331B9A00AD016F /* NewUserViewController.swift in Sources */ = {isa = PBXBuildFile; fileRef = 88E51E1328331B9A00AD016F /* NewUserViewController.swift */; };
		88E51E17283320A100AD016F /* RecuperarPassViewController.swift in Sources */ = {isa = PBXBuildFile; fileRef = 88E51E16283320A100AD016F /* RecuperarPassViewController.swift */; };
		D497BDCC283485B600A28673 /* logo.png in Resources */ = {isa = PBXBuildFile; fileRef = D497BDCA283485B600A28673 /* logo.png */; };
		D497BDCD283485B600A28673 /* perfil.png in Resources */ = {isa = PBXBuildFile; fileRef = D497BDCB283485B600A28673 /* perfil.png */; };
		D497BDD028348BA200A28673 /* logotipo.png in Resources */ = {isa = PBXBuildFile; fileRef = D497BDCF28348BA200A28673 /* logotipo.png */; };
		D497BDD32834906200A28673 /* logo_menu.png in Resources */ = {isa = PBXBuildFile; fileRef = D497BDD22834906200A28673 /* logo_menu.png */; };
		D4C24EE42834595B00851424 /* quicksandlight.otf in Resources */ = {isa = PBXBuildFile; fileRef = D4C24EE22834595B00851424 /* quicksandlight.otf */; };
		D4C24EE52834595B00851424 /* quicksandbold.otf in Resources */ = {isa = PBXBuildFile; fileRef = D4C24EE32834595B00851424 /* quicksandbold.otf */; };
/* End PBXBuildFile section */

/* Begin PBXFileReference section */
		88E51DF7283319E100AD016F /* AppCaraLibro.app */ = {isa = PBXFileReference; explicitFileType = wrapper.application; includeInIndex = 0; path = AppCaraLibro.app; sourceTree = BUILT_PRODUCTS_DIR; };
		88E51DFA283319E100AD016F /* AppDelegate.swift */ = {isa = PBXFileReference; lastKnownFileType = sourcecode.swift; path = AppDelegate.swift; sourceTree = "<group>"; };
		88E51DFC283319E100AD016F /* SceneDelegate.swift */ = {isa = PBXFileReference; lastKnownFileType = sourcecode.swift; path = SceneDelegate.swift; sourceTree = "<group>"; };
		88E51E01283319E100AD016F /* Base */ = {isa = PBXFileReference; lastKnownFileType = file.storyboard; name = Base; path = Base.lproj/Main.storyboard; sourceTree = "<group>"; };
		88E51E03283319E200AD016F /* Assets.xcassets */ = {isa = PBXFileReference; lastKnownFileType = folder.assetcatalog; path = Assets.xcassets; sourceTree = "<group>"; };
		88E51E06283319E200AD016F /* Base */ = {isa = PBXFileReference; lastKnownFileType = file.storyboard; name = Base; path = Base.lproj/LaunchScreen.storyboard; sourceTree = "<group>"; };
		88E51E08283319E200AD016F /* Info.plist */ = {isa = PBXFileReference; lastKnownFileType = text.plist.xml; path = Info.plist; sourceTree = "<group>"; };
		88E51E1028331B6400AD016F /* LoginViewController.swift */ = {isa = PBXFileReference; lastKnownFileType = sourcecode.swift; path = LoginViewController.swift; sourceTree = "<group>"; };
		88E51E1328331B9A00AD016F /* NewUserViewController.swift */ = {isa = PBXFileReference; lastKnownFileType = sourcecode.swift; path = NewUserViewController.swift; sourceTree = "<group>"; };
		88E51E16283320A100AD016F /* RecuperarPassViewController.swift */ = {isa = PBXFileReference; lastKnownFileType = sourcecode.swift; path = RecuperarPassViewController.swift; sourceTree = "<group>"; };
		D497BDCA283485B600A28673 /* logo.png */ = {isa = PBXFileReference; lastKnownFileType = image.png; path = logo.png; sourceTree = "<group>"; };
		D497BDCB283485B600A28673 /* perfil.png */ = {isa = PBXFileReference; lastKnownFileType = image.png; path = perfil.png; sourceTree = "<group>"; };
		D497BDCF28348BA200A28673 /* logotipo.png */ = {isa = PBXFileReference; lastKnownFileType = image.png; path = logotipo.png; sourceTree = "<group>"; };
		D497BDD22834906200A28673 /* logo_menu.png */ = {isa = PBXFileReference; lastKnownFileType = image.png; path = logo_menu.png; sourceTree = "<group>"; };
		D4C24EE22834595B00851424 /* quicksandlight.otf */ = {isa = PBXFileReference; lastKnownFileType = file; path = quicksandlight.otf; sourceTree = "<group>"; };
		D4C24EE32834595B00851424 /* quicksandbold.otf */ = {isa = PBXFileReference; lastKnownFileType = file; path = quicksandbold.otf; sourceTree = "<group>"; };
/* End PBXFileReference section */

/* Begin PBXFrameworksBuildPhase section */
		88E51DF4283319E100AD016F /* Frameworks */ = {
			isa = PBXFrameworksBuildPhase;
			buildActionMask = 2147483647;
			files = (
			);
			runOnlyForDeploymentPostprocessing = 0;
		};
/* End PBXFrameworksBuildPhase section */

/* Begin PBXGroup section */
		88E51DEE283319E100AD016F = {
			isa = PBXGroup;
			children = (
				88E51DF9283319E100AD016F /* AppCaraLibro */,
				88E51DF8283319E100AD016F /* Products */,
			);
			sourceTree = "<group>";
		};
		88E51DF8283319E100AD016F /* Products */ = {
			isa = PBXGroup;
			children = (
				88E51DF7283319E100AD016F /* AppCaraLibro.app */,
			);
			name = Products;
			sourceTree = "<group>";
		};
		88E51DF9283319E100AD016F /* AppCaraLibro */ = {
			isa = PBXGroup;
			children = (
				D4C24EDE283458E100851424 /* Recursos */,
				88E51DFA283319E100AD016F /* AppDelegate.swift */,
				88E51DFC283319E100AD016F /* SceneDelegate.swift */,
				88E51E00283319E100AD016F /* Main.storyboard */,
				88E51E03283319E200AD016F /* Assets.xcassets */,
				88E51E05283319E200AD016F /* LaunchScreen.storyboard */,
				88E51E08283319E200AD016F /* Info.plist */,
				88E51E1028331B6400AD016F /* LoginViewController.swift */,
				88E51E1328331B9A00AD016F /* NewUserViewController.swift */,
				88E51E16283320A100AD016F /* RecuperarPassViewController.swift */,
			);
			path = AppCaraLibro;
			sourceTree = "<group>";
		};
		D497BDC92834828700A28673 /* images */ = {
			isa = PBXGroup;
			children = (
				D497BDD22834906200A28673 /* logo_menu.png */,
				D497BDCF28348BA200A28673 /* logotipo.png */,
				D497BDCA283485B600A28673 /* logo.png */,
				D497BDCB283485B600A28673 /* perfil.png */,
			);
			path = images;
			sourceTree = "<group>";
		};
		D4C24EDE283458E100851424 /* Recursos */ = {
			isa = PBXGroup;
			children = (
				D497BDC92834828700A28673 /* images */,
				D4C24EDF283458FB00851424 /* fonts */,
			);
			path = Recursos;
			sourceTree = "<group>";
		};
		D4C24EDF283458FB00851424 /* fonts */ = {
			isa = PBXGroup;
			children = (
				D4C24EE32834595B00851424 /* quicksandbold.otf */,
				D4C24EE22834595B00851424 /* quicksandlight.otf */,
			);
			path = fonts;
			sourceTree = "<group>";
		};
/* End PBXGroup section */

/* Begin PBXNativeTarget section */
		88E51DF6283319E100AD016F /* AppCaraLibro */ = {
			isa = PBXNativeTarget;
			buildConfigurationList = 88E51E0B283319E200AD016F /* Build configuration list for PBXNativeTarget "AppCaraLibro" */;
			buildPhases = (
				88E51DF3283319E100AD016F /* Sources */,
				88E51DF4283319E100AD016F /* Frameworks */,
				88E51DF5283319E100AD016F /* Resources */,
			);
			buildRules = (
			);
			dependencies = (
			);
			name = AppCaraLibro;
			productName = AppCaraLibro;
			productReference = 88E51DF7283319E100AD016F /* AppCaraLibro.app */;
			productType = "com.apple.product-type.application";
		};
/* End PBXNativeTarget section */

/* Begin PBXProject section */
		88E51DEF283319E100AD016F /* Project object */ = {
			isa = PBXProject;
			attributes = {
				LastSwiftUpdateCheck = 1240;
				LastUpgradeCheck = 1240;
				TargetAttributes = {
					88E51DF6283319E100AD016F = {
						CreatedOnToolsVersion = 12.4;
					};
				};
			};
			buildConfigurationList = 88E51DF2283319E100AD016F /* Build configuration list for PBXProject "AppCaraLibro" */;
			compatibilityVersion = "Xcode 9.3";
			developmentRegion = en;
			hasScannedForEncodings = 0;
			knownRegions = (
				en,
				Base,
			);
			mainGroup = 88E51DEE283319E100AD016F;
			productRefGroup = 88E51DF8283319E100AD016F /* Products */;
			projectDirPath = "";
			projectRoot = "";
			targets = (
				88E51DF6283319E100AD016F /* AppCaraLibro */,
			);
		};
/* End PBXProject section */

/* Begin PBXResourcesBuildPhase section */
		88E51DF5283319E100AD016F /* Resources */ = {
			isa = PBXResourcesBuildPhase;
			buildActionMask = 2147483647;
			files = (
				D497BDCD283485B600A28673 /* perfil.png in Resources */,
				D4C24EE42834595B00851424 /* quicksandlight.otf in Resources */,
				D4C24EE52834595B00851424 /* quicksandbold.otf in Resources */,
				D497BDD32834906200A28673 /* logo_menu.png in Resources */,
				D497BDCC283485B600A28673 /* logo.png in Resources */,
				D497BDD028348BA200A28673 /* logotipo.png in Resources */,
				88E51E07283319E200AD016F /* LaunchScreen.storyboard in Resources */,
				88E51E04283319E200AD016F /* Assets.xcassets in Resources */,
				88E51E02283319E100AD016F /* Main.storyboard in Resources */,
			);
			runOnlyForDeploymentPostprocessing = 0;
		};
/* End PBXResourcesBuildPhase section */

/* Begin PBXSourcesBuildPhase section */
		88E51DF3283319E100AD016F /* Sources */ = {
			isa = PBXSourcesBuildPhase;
			buildActionMask = 2147483647;
			files = (
				88E51E17283320A100AD016F /* RecuperarPassViewController.swift in Sources */,
				88E51E1128331B6400AD016F /* LoginViewController.swift in Sources */,
				88E51DFB283319E100AD016F /* AppDelegate.swift in Sources */,
				88E51E1428331B9A00AD016F /* NewUserViewController.swift in Sources */,
				88E51DFD283319E100AD016F /* SceneDelegate.swift in Sources */,
			);
			runOnlyForDeploymentPostprocessing = 0;
		};
/* End PBXSourcesBuildPhase section */

/* Begin PBXVariantGroup section */
		88E51E00283319E100AD016F /* Main.storyboard */ = {
			isa = PBXVariantGroup;
			children = (
				88E51E01283319E100AD016F /* Base */,
			);
			name = Main.storyboard;
			sourceTree = "<group>";
		};
		88E51E05283319E200AD016F /* LaunchScreen.storyboard */ = {
			isa = PBXVariantGroup;
			children = (
				88E51E06283319E200AD016F /* Base */,
			);
			name = LaunchScreen.storyboard;
			sourceTree = "<group>";
		};
/* End PBXVariantGroup section */

/* Begin XCBuildConfiguration section */
		88E51E09283319E200AD016F /* Debug */ = {
			isa = XCBuildConfiguration;
			buildSettings = {
				ALWAYS_SEARCH_USER_PATHS = NO;
				CLANG_ANALYZER_NONNULL = YES;
				CLANG_ANALYZER_NUMBER_OBJECT_CONVERSION = YES_AGGRESSIVE;
				CLANG_CXX_LANGUAGE_STANDARD = "gnu++14";
				CLANG_CXX_LIBRARY = "libc++";
				CLANG_ENABLE_MODULES = YES;
				CLANG_ENABLE_OBJC_ARC = YES;
				CLANG_ENABLE_OBJC_WEAK = YES;
				CLANG_WARN_BLOCK_CAPTURE_AUTORELEASING = YES;
				CLANG_WARN_BOOL_CONVERSION = YES;
				CLANG_WARN_COMMA = YES;
				CLANG_WARN_CONSTANT_CONVERSION = YES;
				CLANG_WARN_DEPRECATED_OBJC_IMPLEMENTATIONS = YES;
				CLANG_WARN_DIRECT_OBJC_ISA_USAGE = YES_ERROR;
				CLANG_WARN_DOCUMENTATION_COMMENTS = YES;
				CLANG_WARN_EMPTY_BODY = YES;
				CLANG_WARN_ENUM_CONVERSION = YES;
				CLANG_WARN_INFINITE_RECURSION = YES;
				CLANG_WARN_INT_CONVERSION = YES;
				CLANG_WARN_NON_LITERAL_NULL_CONVERSION = YES;
				CLANG_WARN_OBJC_IMPLICIT_RETAIN_SELF = YES;
				CLANG_WARN_OBJC_LITERAL_CONVERSION = YES;
				CLANG_WARN_OBJC_ROOT_CLASS = YES_ERROR;
				CLANG_WARN_QUOTED_INCLUDE_IN_FRAMEWORK_HEADER = YES;
				CLANG_WARN_RANGE_LOOP_ANALYSIS = YES;
				CLANG_WARN_STRICT_PROTOTYPES = YES;
				CLANG_WARN_SUSPICIOUS_MOVE = YES;
				CLANG_WARN_UNGUARDED_AVAILABILITY = YES_AGGRESSIVE;
				CLANG_WARN_UNREACHABLE_CODE = YES;
				CLANG_WARN__DUPLICATE_METHOD_MATCH = YES;
				COPY_PHASE_STRIP = NO;
				DEBUG_INFORMATION_FORMAT = dwarf;
				ENABLE_STRICT_OBJC_MSGSEND = YES;
				ENABLE_TESTABILITY = YES;
				GCC_C_LANGUAGE_STANDARD = gnu11;
				GCC_DYNAMIC_NO_PIC = NO;
				GCC_NO_COMMON_BLOCKS = YES;
				GCC_OPTIMIZATION_LEVEL = 0;
				GCC_PREPROCESSOR_DEFINITIONS = (
					"DEBUG=1",
					"$(inherited)",
				);
				GCC_WARN_64_TO_32_BIT_CONVERSION = YES;
				GCC_WARN_ABOUT_RETURN_TYPE = YES_ERROR;
				GCC_WARN_UNDECLARED_SELECTOR = YES;
				GCC_WARN_UNINITIALIZED_AUTOS = YES_AGGRESSIVE;
				GCC_WARN_UNUSED_FUNCTION = YES;
				GCC_WARN_UNUSED_VARIABLE = YES;
				IPHONEOS_DEPLOYMENT_TARGET = 14.4;
				MTL_ENABLE_DEBUG_INFO = INCLUDE_SOURCE;
				MTL_FAST_MATH = YES;
				ONLY_ACTIVE_ARCH = YES;
				SDKROOT = iphoneos;
				SWIFT_ACTIVE_COMPILATION_CONDITIONS = DEBUG;
				SWIFT_OPTIMIZATION_LEVEL = "-Onone";
			};
			name = Debug;
		};
		88E51E0A283319E200AD016F /* Release */ = {
			isa = XCBuildConfiguration;
			buildSettings = {
				ALWAYS_SEARCH_USER_PATHS = NO;
				CLANG_ANALYZER_NONNULL = YES;
				CLANG_ANALYZER_NUMBER_OBJECT_CONVERSION = YES_AGGRESSIVE;
				CLANG_CXX_LANGUAGE_STANDARD = "gnu++14";
				CLANG_CXX_LIBRARY = "libc++";
				CLANG_ENABLE_MODULES = YES;
				CLANG_ENABLE_OBJC_ARC = YES;
				CLANG_ENABLE_OBJC_WEAK = YES;
				CLANG_WARN_BLOCK_CAPTURE_AUTORELEASING = YES;
				CLANG_WARN_BOOL_CONVERSION = YES;
				CLANG_WARN_COMMA = YES;
				CLANG_WARN_CONSTANT_CONVERSION = YES;
				CLANG_WARN_DEPRECATED_OBJC_IMPLEMENTATIONS = YES;
				CLANG_WARN_DIRECT_OBJC_ISA_USAGE = YES_ERROR;
				CLANG_WARN_DOCUMENTATION_COMMENTS = YES;
				CLANG_WARN_EMPTY_BODY = YES;
				CLANG_WARN_ENUM_CONVERSION = YES;
				CLANG_WARN_INFINITE_RECURSION = YES;
				CLANG_WARN_INT_CONVERSION = YES;
				CLANG_WARN_NON_LITERAL_NULL_CONVERSION = YES;
				CLANG_WARN_OBJC_IMPLICIT_RETAIN_SELF = YES;
				CLANG_WARN_OBJC_LITERAL_CONVERSION = YES;
				CLANG_WARN_OBJC_ROOT_CLASS = YES_ERROR;
				CLANG_WARN_QUOTED_INCLUDE_IN_FRAMEWORK_HEADER = YES;
				CLANG_WARN_RANGE_LOOP_ANALYSIS = YES;
				CLANG_WARN_STRICT_PROTOTYPES = YES;
				CLANG_WARN_SUSPICIOUS_MOVE = YES;
				CLANG_WARN_UNGUARDED_AVAILABILITY = YES_AGGRESSIVE;
				CLANG_WARN_UNREACHABLE_CODE = YES;
				CLANG_WARN__DUPLICATE_METHOD_MATCH = YES;
				COPY_PHASE_STRIP = NO;
				DEBUG_INFORMATION_FORMAT = "dwarf-with-dsym";
				ENABLE_NS_ASSERTIONS = NO;
				ENABLE_STRICT_OBJC_MSGSEND = YES;
				GCC_C_LANGUAGE_STANDARD = gnu11;
				GCC_NO_COMMON_BLOCKS = YES;
				GCC_WARN_64_TO_32_BIT_CONVERSION = YES;
				GCC_WARN_ABOUT_RETURN_TYPE = YES_ERROR;
				GCC_WARN_UNDECLARED_SELECTOR = YES;
				GCC_WARN_UNINITIALIZED_AUTOS = YES_AGGRESSIVE;
				GCC_WARN_UNUSED_FUNCTION = YES;
				GCC_WARN_UNUSED_VARIABLE = YES;
				IPHONEOS_DEPLOYMENT_TARGET = 14.4;
				MTL_ENABLE_DEBUG_INFO = NO;
				MTL_FAST_MATH = YES;
				SDKROOT = iphoneos;
				SWIFT_COMPILATION_MODE = wholemodule;
				SWIFT_OPTIMIZATION_LEVEL = "-O";
				VALIDATE_PRODUCT = YES;
			};
			name = Release;
		};
		88E51E0C283319E200AD016F /* Debug */ = {
			isa = XCBuildConfiguration;
			buildSettings = {
				ASSETCATALOG_COMPILER_APPICON_NAME = AppIcon;
				ASSETCATALOG_COMPILER_GLOBAL_ACCENT_COLOR_NAME = AccentColor;
				CODE_SIGN_STYLE = Automatic;
				INFOPLIST_FILE = AppCaraLibro/Info.plist;
				LD_RUNPATH_SEARCH_PATHS = (
					"$(inherited)",
					"@executable_path/Frameworks",
				);
				PRODUCT_BUNDLE_IDENTIFIER = com.isil.AppCaraLibro;
				PRODUCT_NAME = "$(TARGET_NAME)";
				SWIFT_VERSION = 5.0;
				TARGETED_DEVICE_FAMILY = "1,2";
			};
			name = Debug;
		};
		88E51E0D283319E200AD016F /* Release */ = {
			isa = XCBuildConfiguration;
			buildSettings = {
				ASSETCATALOG_COMPILER_APPICON_NAME = AppIcon;
				ASSETCATALOG_COMPILER_GLOBAL_ACCENT_COLOR_NAME = AccentColor;
				CODE_SIGN_STYLE = Automatic;
				INFOPLIST_FILE = AppCaraLibro/Info.plist;
				LD_RUNPATH_SEARCH_PATHS = (
					"$(inherited)",
					"@executable_path/Frameworks",
				);
				PRODUCT_BUNDLE_IDENTIFIER = com.isil.AppCaraLibro;
				PRODUCT_NAME = "$(TARGET_NAME)";
				SWIFT_VERSION = 5.0;
				TARGETED_DEVICE_FAMILY = "1,2";
			};
			name = Release;
		};
/* End XCBuildConfiguration section */

/* Begin XCConfigurationList section */
		88E51DF2283319E100AD016F /* Build configuration list for PBXProject "AppCaraLibro" */ = {
			isa = XCConfigurationList;
			buildConfigurations = (
				88E51E09283319E200AD016F /* Debug */,
				88E51E0A283319E200AD016F /* Release */,
			);
			defaultConfigurationIsVisible = 0;
			defaultConfigurationName = Release;
		};
		88E51E0B283319E200AD016F /* Build configuration list for PBXNativeTarget "AppCaraLibro" */ = {
			isa = XCConfigurationList;
			buildConfigurations = (
				88E51E0C283319E200AD016F /* Debug */,
				88E51E0D283319E200AD016F /* Release */,
			);
			defaultConfigurationIsVisible = 0;
			defaultConfigurationName = Release;
		};
/* End XCConfigurationList section */
	};
	rootObject = 88E51DEF283319E100AD016F /* Project object */;
}
